
Microsoft Visual Studio Solution File, Format Version 12.00
# Visual Studio Version 17
VisualStudioVersion = 17.11.35222.181
MinimumVisualStudioVersion = 10.0.40219.1
Project("{9A19103F-16F7-4668-BE54-9A1E7A4F7556}") = "ChatClient", "ChatterApp\ChatClient.csproj", "{D713A485-3512-41E9-A4C3-132F66DEDAC2}"
EndProject
Project("{9A19103F-16F7-4668-BE54-9A1E7A4F7556}") = "ChatServer", "ConsoleApp1\ChatServer.csproj", "{BE2131C2-0DB9-4A0F-A42C-C711B3FBCD24}"
EndProject
Project("{FAE04EC0-301F-11D3-BF4B-00C04F79EFBC}") = "ConsoleChatApp", "ConsoleChatApp\ConsoleChatApp.csproj", "{2FD7278A-BF5D-44A9-8E75-E1EF466E758A}"
EndProject
Global
	GlobalSection(SolutionConfigurationPlatforms) = preSolution
		Debug|Any CPU = Debug|Any CPU
		Release|Any CPU = Release|Any CPU
	EndGlobalSection
	GlobalSection(ProjectConfigurationPlatforms) = postSolution
		{D713A485-3512-41E9-A4C3-132F66DEDAC2}.Debug|Any CPU.ActiveCfg = Debug|Any CPU
		{D713A485-3512-41E9-A4C3-132F66DEDAC2}.Debug|Any CPU.Build.0 = Debug|Any CPU
		{D713A485-3512-41E9-A4C3-132F66DEDAC2}.Release|Any CPU.ActiveCfg = Release|Any CPU
		{D713A485-3512-41E9-A4C3-132F66DEDAC2}.Release|Any CPU.Build.0 = Release|Any CPU
		{BE2131C2-0DB9-4A0F-A42C-C711B3FBCD24}.Debug|Any CPU.ActiveCfg = Debug|Any CPU
		{BE2131C2-0DB9-4A0F-A42C-C711B3FBCD24}.Debug|Any CPU.Build.0 = Debug|Any CPU
		{BE2131C2-0DB9-4A0F-A42C-C711B3FBCD24}.Release|Any CPU.ActiveCfg = Release|Any CPU
		{BE2131C2-0DB9-4A0F-A42C-C711B3FBCD24}.Release|Any CPU.Build.0 = Release|Any CPU
		{2FD7278A-BF5D-44A9-8E75-E1EF466E758A}.Debug|Any CPU.ActiveCfg = Debug|Any CPU
		{2FD7278A-BF5D-44A9-8E75-E1EF466E758A}.Debug|Any CPU.Build.0 = Debug|Any CPU
		{2FD7278A-BF5D-44A9-8E75-E1EF466E758A}.Release|Any CPU.ActiveCfg = Release|Any CPU
		{2FD7278A-BF5D-44A9-8E75-E1EF466E758A}.Release|Any CPU.Build.0 = Release|Any CPU
	EndGlobalSection
	GlobalSection(SolutionProperties) = preSolution
		HideSolutionNode = FALSE
	EndGlobalSection
	GlobalSection(ExtensibilityGlobals) = postSolution
		SolutionGuid = {4A5644E4-46C5-4EA8-A297-8767D909782F}
	EndGlobalSection
EndGlobal
